
Microsoft Visual Studio Solution File, Format Version 12.00
# Visual Studio Version 17
VisualStudioVersion = 17.7.34202.233
MinimumVisualStudioVersion = 10.0.40219.1
Project("{9A19103F-16F7-4668-BE54-9A1E7A4F7556}") = "DailyAPP.WebAPI", "DailyAPP.WebAPI.csproj", "{223EE88D-DB1E-4024-88B4-83B356F8FC8B}"
EndProject
Global
	GlobalSection(SolutionConfigurationPlatforms) = preSolution
		Debug|Any CPU = Debug|Any CPU
		Release|Any CPU = Release|Any CPU
	EndGlobalSection
	GlobalSection(ProjectConfigurationPlatforms) = postSolution
		{223EE88D-DB1E-4024-88B4-83B356F8FC8B}.Debug|Any CPU.ActiveCfg = Debug|Any CPU
		{223EE88D-DB1E-4024-88B4-83B356F8FC8B}.Debug|Any CPU.Build.0 = Debug|Any CPU
		{223EE88D-DB1E-4024-88B4-83B356F8FC8B}.Release|Any CPU.ActiveCfg = Release|Any CPU
		{223EE88D-DB1E-4024-88B4-83B356F8FC8B}.Release|Any CPU.Build.0 = Release|Any CPU
	EndGlobalSection
	GlobalSection(SolutionProperties) = preSolution
		HideSolutionNode = FALSE
	EndGlobalSection
	GlobalSection(ExtensibilityGlobals) = postSolution
		SolutionGuid = {DC5611B4-8B4F-4DDE-A445-DFA01EDC32E6}
	EndGlobalSection
EndGlobal
